
Microsoft Visual Studio Solution File, Format Version 12.00
# Visual Studio Version 16
VisualStudioVersion = 16.0.29411.108
MinimumVisualStudioVersion = 10.0.40219.1
Project("{FAE04EC0-301F-11D3-BF4B-00C04F79EFBC}") = "Certs-reminder", "Certs-reminder\Certs-reminder.csproj", "{5380B10B-6456-41CA-B2DB-05BC3D488F1E}"
EndProject
Global
	GlobalSection(SolutionConfigurationPlatforms) = preSolution
		Debug|Any CPU = Debug|Any CPU
		Release|Any CPU = Release|Any CPU
	EndGlobalSection
	GlobalSection(ProjectConfigurationPlatforms) = postSolution
		{5380B10B-6456-41CA-B2DB-05BC3D488F1E}.Debug|Any CPU.ActiveCfg = Debug|Any CPU
		{5380B10B-6456-41CA-B2DB-05BC3D488F1E}.Debug|Any CPU.Build.0 = Debug|Any CPU
		{5380B10B-6456-41CA-B2DB-05BC3D488F1E}.Release|Any CPU.ActiveCfg = Release|Any CPU
		{5380B10B-6456-41CA-B2DB-05BC3D488F1E}.Release|Any CPU.Build.0 = Release|Any CPU
	EndGlobalSection
	GlobalSection(SolutionProperties) = preSolution
		HideSolutionNode = FALSE
	EndGlobalSection
	GlobalSection(ExtensibilityGlobals) = postSolution
		SolutionGuid = {25B38A16-0E7A-47C6-B508-B06E88FCF097}
	EndGlobalSection
EndGlobal
